// !$*UTF8*$!
{
	archiveVersion = 1;
	classes = {
	};
	objectVersion = 51;
	objects = {

/* Begin PBXBuildFile section */
		001B44EC242D67A4005DF164 /* HttpRequestViewController.swift in Sources */ = {isa = PBXBuildFile; fileRef = 001B44EB242D67A4005DF164 /* HttpRequestViewController.swift */; };
		001B44EE242D67BB005DF164 /* LottieAnimationViewController.swift in Sources */ = {isa = PBXBuildFile; fileRef = 001B44ED242D67BB005DF164 /* LottieAnimationViewController.swift */; };
		001B44F0242D6816005DF164 /* TeamMember.swift in Sources */ = {isa = PBXBuildFile; fileRef = 001B44EF242D6816005DF164 /* TeamMember.swift */; };
		001B44F2242D6A41005DF164 /* TeamMemberCollectionViewCell.swift in Sources */ = {isa = PBXBuildFile; fileRef = 001B44F1242D6A41005DF164 /* TeamMemberCollectionViewCell.swift */; };
		001B44F4242D8060005DF164 /* gamesbutton.json in Resources */ = {isa = PBXBuildFile; fileRef = 001B44F3242D8060005DF164 /* gamesbutton.json */; };
		00ED1375242D64A3000A60D1 /* AppDelegate.swift in Sources */ = {isa = PBXBuildFile; fileRef = 00ED1374242D64A3000A60D1 /* AppDelegate.swift */; };
		00ED1377242D64A3000A60D1 /* SceneDelegate.swift in Sources */ = {isa = PBXBuildFile; fileRef = 00ED1376242D64A3000A60D1 /* SceneDelegate.swift */; };
		00ED1379242D64A3000A60D1 /* ViewController.swift in Sources */ = {isa = PBXBuildFile; fileRef = 00ED1378242D64A3000A60D1 /* ViewController.swift */; };
		00ED137C242D64A3000A60D1 /* Main.storyboard in Resources */ = {isa = PBXBuildFile; fileRef = 00ED137A242D64A3000A60D1 /* Main.storyboard */; };
		00ED137E242D64A5000A60D1 /* Assets.xcassets in Resources */ = {isa = PBXBuildFile; fileRef = 00ED137D242D64A5000A60D1 /* Assets.xcassets */; };
		00ED1381242D64A5000A60D1 /* LaunchScreen.storyboard in Resources */ = {isa = PBXBuildFile; fileRef = 00ED137F242D64A5000A60D1 /* LaunchScreen.storyboard */; };
		5DA87488D0F1CC1E96EA2BFD /* Pods_SegundoParcialWebServices.framework in Frameworks */ = {isa = PBXBuildFile; fileRef = 13AF7A99CB32390D247A14AC /* Pods_SegundoParcialWebServices.framework */; };
/* End PBXBuildFile section */

/* Begin PBXFileReference section */
		001B44EB242D67A4005DF164 /* HttpRequestViewController.swift */ = {isa = PBXFileReference; lastKnownFileType = sourcecode.swift; path = HttpRequestViewController.swift; sourceTree = "<group>"; };
		001B44ED242D67BB005DF164 /* LottieAnimationViewController.swift */ = {isa = PBXFileReference; lastKnownFileType = sourcecode.swift; path = LottieAnimationViewController.swift; sourceTree = "<group>"; };
		001B44EF242D6816005DF164 /* TeamMember.swift */ = {isa = PBXFileReference; lastKnownFileType = sourcecode.swift; path = TeamMember.swift; sourceTree = "<group>"; };
		001B44F1242D6A41005DF164 /* TeamMemberCollectionViewCell.swift */ = {isa = PBXFileReference; lastKnownFileType = sourcecode.swift; path = TeamMemberCollectionViewCell.swift; sourceTree = "<group>"; };
		001B44F3242D8060005DF164 /* gamesbutton.json */ = {isa = PBXFileReference; fileEncoding = 4; lastKnownFileType = text.json; path = gamesbutton.json; sourceTree = "<group>"; };
		00ED1371242D64A3000A60D1 /* SegundoParcialWebServices.app */ = {isa = PBXFileReference; explicitFileType = wrapper.application; includeInIndex = 0; path = SegundoParcialWebServices.app; sourceTree = BUILT_PRODUCTS_DIR; };
		00ED1374242D64A3000A60D1 /* AppDelegate.swift */ = {isa = PBXFileReference; lastKnownFileType = sourcecode.swift; path = AppDelegate.swift; sourceTree = "<group>"; };
		00ED1376242D64A3000A60D1 /* SceneDelegate.swift */ = {isa = PBXFileReference; lastKnownFileType = sourcecode.swift; path = SceneDelegate.swift; sourceTree = "<group>"; };
		00ED1378242D64A3000A60D1 /* ViewController.swift */ = {isa = PBXFileReference; lastKnownFileType = sourcecode.swift; path = ViewController.swift; sourceTree = "<group>"; };
		00ED137B242D64A3000A60D1 /* Base */ = {isa = PBXFileReference; lastKnownFileType = file.storyboard; name = Base; path = Base.lproj/Main.storyboard; sourceTree = "<group>"; };
		00ED137D242D64A5000A60D1 /* Assets.xcassets */ = {isa = PBXFileReference; lastKnownFileType = folder.assetcatalog; path = Assets.xcassets; sourceTree = "<group>"; };
		00ED1380242D64A5000A60D1 /* Base */ = {isa = PBXFileReference; lastKnownFileType = file.storyboard; name = Base; path = Base.lproj/LaunchScreen.storyboard; sourceTree = "<group>"; };
		00ED1382242D64A5000A60D1 /* Info.plist */ = {isa = PBXFileReference; lastKnownFileType = text.plist.xml; path = Info.plist; sourceTree = "<group>"; };
		13AF7A99CB32390D247A14AC /* Pods_SegundoParcialWebServices.framework */ = {isa = PBXFileReference; explicitFileType = wrapper.framework; includeInIndex = 0; path = Pods_SegundoParcialWebServices.framework; sourceTree = BUILT_PRODUCTS_DIR; };
		51B25667B3144509D7D1BA09 /* Pods-SegundoParcialWebServices.release.xcconfig */ = {isa = PBXFileReference; includeInIndex = 1; lastKnownFileType = text.xcconfig; name = "Pods-SegundoParcialWebServices.release.xcconfig"; path = "Target Support Files/Pods-SegundoParcialWebServices/Pods-SegundoParcialWebServices.release.xcconfig"; sourceTree = "<group>"; };
		97E9BA047BBABAF9F34E79D5 /* Pods-SegundoParcialWebServices.debug.xcconfig */ = {isa = PBXFileReference; includeInIndex = 1; lastKnownFileType = text.xcconfig; name = "Pods-SegundoParcialWebServices.debug.xcconfig"; path = "Target Support Files/Pods-SegundoParcialWebServices/Pods-SegundoParcialWebServices.debug.xcconfig"; sourceTree = "<group>"; };
/* End PBXFileReference section */

/* Begin PBXFrameworksBuildPhase section */
		00ED136E242D64A3000A60D1 /* Frameworks */ = {
			isa = PBXFrameworksBuildPhase;
			buildActionMask = 2147483647;
			files = (
				5DA87488D0F1CC1E96EA2BFD /* Pods_SegundoParcialWebServices.framework in Frameworks */,
			);
			runOnlyForDeploymentPostprocessing = 0;
		};
/* End PBXFrameworksBuildPhase section */

/* Begin PBXGroup section */
		00ED1368242D64A3000A60D1 = {
			isa = PBXGroup;
			children = (
				00ED1373242D64A3000A60D1 /* SegundoParcialWebServices */,
				00ED1372242D64A3000A60D1 /* Products */,
				941093E42883F3EAA2DB812D /* Pods */,
				67959E37A9CC95B7A33702A4 /* Frameworks */,
			);
			sourceTree = "<group>";
		};
		00ED1372242D64A3000A60D1 /* Products */ = {
			isa = PBXGroup;
			children = (
				00ED1371242D64A3000A60D1 /* SegundoParcialWebServices.app */,
			);
			name = Products;
			sourceTree = "<group>";
		};
		00ED1373242D64A3000A60D1 /* SegundoParcialWebServices */ = {
			isa = PBXGroup;
			children = (
				001B44F3242D8060005DF164 /* gamesbutton.json */,
				001B44EF242D6816005DF164 /* TeamMember.swift */,
				00ED1374242D64A3000A60D1 /* AppDelegate.swift */,
				001B44F1242D6A41005DF164 /* TeamMemberCollectionViewCell.swift */,
				00ED1376242D64A3000A60D1 /* SceneDelegate.swift */,
				00ED1378242D64A3000A60D1 /* ViewController.swift */,
				00ED137A242D64A3000A60D1 /* Main.storyboard */,
				00ED137D242D64A5000A60D1 /* Assets.xcassets */,
				00ED137F242D64A5000A60D1 /* LaunchScreen.storyboard */,
				00ED1382242D64A5000A60D1 /* Info.plist */,
				001B44ED242D67BB005DF164 /* LottieAnimationViewController.swift */,
				001B44EB242D67A4005DF164 /* HttpRequestViewController.swift */,
			);
			path = SegundoParcialWebServices;
			sourceTree = "<group>";
		};
		67959E37A9CC95B7A33702A4 /* Frameworks */ = {
			isa = PBXGroup;
			children = (
				13AF7A99CB32390D247A14AC /* Pods_SegundoParcialWebServices.framework */,
			);
			name = Frameworks;
			sourceTree = "<group>";
		};
		941093E42883F3EAA2DB812D /* Pods */ = {
			isa = PBXGroup;
			children = (
				97E9BA047BBABAF9F34E79D5 /* Pods-SegundoParcialWebServices.debug.xcconfig */,
				51B25667B3144509D7D1BA09 /* Pods-SegundoParcialWebServices.release.xcconfig */,
			);
			path = Pods;
			sourceTree = "<group>";
		};
/* End PBXGroup section */

/* Begin PBXNativeTarget section */
		00ED1370242D64A3000A60D1 /* SegundoParcialWebServices */ = {
			isa = PBXNativeTarget;
			buildConfigurationList = 00ED1385242D64A5000A60D1 /* Build configuration list for PBXNativeTarget "SegundoParcialWebServices" */;
			buildPhases = (
				F4905C9405572E988D768BBD /* [CP] Check Pods Manifest.lock */,
				00ED136D242D64A3000A60D1 /* Sources */,
				00ED136E242D64A3000A60D1 /* Frameworks */,
				00ED136F242D64A3000A60D1 /* Resources */,
				B2836A0212D9A08578B16EAE /* [CP] Embed Pods Frameworks */,
			);
			buildRules = (
			);
			dependencies = (
			);
			name = SegundoParcialWebServices;
			productName = SegundoParcialWebServices;
			productReference = 00ED1371242D64A3000A60D1 /* SegundoParcialWebServices.app */;
			productType = "com.apple.product-type.application";
		};
/* End PBXNativeTarget section */

/* Begin PBXProject section */
		00ED1369242D64A3000A60D1 /* Project object */ = {
			isa = PBXProject;
			attributes = {
				LastSwiftUpdateCheck = 1130;
				LastUpgradeCheck = 1130;
				ORGANIZATIONNAME = "Daniel Aguilera";
				TargetAttributes = {
					00ED1370242D64A3000A60D1 = {
						CreatedOnToolsVersion = 11.3.1;
					};
				};
			};
			buildConfigurationList = 00ED136C242D64A3000A60D1 /* Build configuration list for PBXProject "SegundoParcialWebServices" */;
			compatibilityVersion = "Xcode 9.3";
			developmentRegion = en;
			hasScannedForEncodings = 0;
			knownRegions = (
				en,
				Base,
			);
			mainGroup = 00ED1368242D64A3000A60D1;
			productRefGroup = 00ED1372242D64A3000A60D1 /* Products */;
			projectDirPath = "";
			projectRoot = "";
			targets = (
				00ED1370242D64A3000A60D1 /* SegundoParcialWebServices */,
			);
		};
/* End PBXProject section */

/* Begin PBXResourcesBuildPhase section */
		00ED136F242D64A3000A60D1 /* Resources */ = {
			isa = PBXResourcesBuildPhase;
			buildActionMask = 2147483647;
			files = (
				00ED1381242D64A5000A60D1 /* LaunchScreen.storyboard in Resources */,
				001B44F4242D8060005DF164 /* gamesbutton.json in Resources */,
				00ED137E242D64A5000A60D1 /* Assets.xcassets in Resources */,
				00ED137C242D64A3000A60D1 /* Main.storyboard in Resources */,
			);
			runOnlyForDeploymentPostprocessing = 0;
		};
/* End PBXResourcesBuildPhase section */

/* Begin PBXShellScriptBuildPhase section */
		B2836A0212D9A08578B16EAE /* [CP] Embed Pods Frameworks */ = {
			isa = PBXShellScriptBuildPhase;
			buildActionMask = 2147483647;
			files = (
			);
			inputFileListPaths = (
				"${PODS_ROOT}/Target Support Files/Pods-SegundoParcialWebServices/Pods-SegundoParcialWebServices-frameworks-${CONFIGURATION}-input-files.xcfilelist",
			);
			name = "[CP] Embed Pods Frameworks";
			outputFileListPaths = (
				"${PODS_ROOT}/Target Support Files/Pods-SegundoParcialWebServices/Pods-SegundoParcialWebServices-frameworks-${CONFIGURATION}-output-files.xcfilelist",
			);
			runOnlyForDeploymentPostprocessing = 0;
			shellPath = /bin/sh;
			shellScript = "\"${PODS_ROOT}/Target Support Files/Pods-SegundoParcialWebServices/Pods-SegundoParcialWebServices-frameworks.sh\"\n";
			showEnvVarsInLog = 0;
		};
		F4905C9405572E988D768BBD /* [CP] Check Pods Manifest.lock */ = {
			isa = PBXShellScriptBuildPhase;
			buildActionMask = 2147483647;
			files = (
			);
			inputFileListPaths = (
			);
			inputPaths = (
				"${PODS_PODFILE_DIR_PATH}/Podfile.lock",
				"${PODS_ROOT}/Manifest.lock",
			);
			name = "[CP] Check Pods Manifest.lock";
			outputFileListPaths = (
			);
			outputPaths = (
				"$(DERIVED_FILE_DIR)/Pods-SegundoParcialWebServices-checkManifestLockResult.txt",
			);
			runOnlyForDeploymentPostprocessing = 0;
			shellPath = /bin/sh;
			shellScript = "diff \"${PODS_PODFILE_DIR_PATH}/Podfile.lock\" \"${PODS_ROOT}/Manifest.lock\" > /dev/null\nif [ $? != 0 ] ; then\n    # print error to STDERR\n    echo \"error: The sandbox is not in sync with the Podfile.lock. Run 'pod install' or update your CocoaPods installation.\" >&2\n    exit 1\nfi\n# This output is used by Xcode 'outputs' to avoid re-running this script phase.\necho \"SUCCESS\" > \"${SCRIPT_OUTPUT_FILE_0}\"\n";
			showEnvVarsInLog = 0;
		};
/* End PBXShellScriptBuildPhase section */

/* Begin PBXSourcesBuildPhase section */
		00ED136D242D64A3000A60D1 /* Sources */ = {
			isa = PBXSourcesBuildPhase;
			buildActionMask = 2147483647;
			files = (
				001B44F2242D6A41005DF164 /* TeamMemberCollectionViewCell.swift in Sources */,
				001B44EE242D67BB005DF164 /* LottieAnimationViewController.swift in Sources */,
				00ED1379242D64A3000A60D1 /* ViewController.swift in Sources */,
				001B44F0242D6816005DF164 /* TeamMember.swift in Sources */,
				00ED1375242D64A3000A60D1 /* AppDelegate.swift in Sources */,
				001B44EC242D67A4005DF164 /* HttpRequestViewController.swift in Sources */,
				00ED1377242D64A3000A60D1 /* SceneDelegate.swift in Sources */,
			);
			runOnlyForDeploymentPostprocessing = 0;
		};
/* End PBXSourcesBuildPhase section */

/* Begin PBXVariantGroup section */
		00ED137A242D64A3000A60D1 /* Main.storyboard */ = {
			isa = PBXVariantGroup;
			children = (
				00ED137B242D64A3000A60D1 /* Base */,
			);
			name = Main.storyboard;
			sourceTree = "<group>";
		};
		00ED137F242D64A5000A60D1 /* LaunchScreen.storyboard */ = {
			isa = PBXVariantGroup;
			children = (
				00ED1380242D64A5000A60D1 /* Base */,
			);
			name = LaunchScreen.storyboard;
			sourceTree = "<group>";
		};
/* End PBXVariantGroup section */

/* Begin XCBuildConfiguration section */
		00ED1383242D64A5000A60D1 /* Debug */ = {
			isa = XCBuildConfiguration;
			buildSettings = {
				ALWAYS_SEARCH_USER_PATHS = NO;
				CLANG_ANALYZER_NONNULL = YES;
				CLANG_ANALYZER_NUMBER_OBJECT_CONVERSION = YES_AGGRESSIVE;
				CLANG_CXX_LANGUAGE_STANDARD = "gnu++14";
				CLANG_CXX_LIBRARY = "libc++";
				CLANG_ENABLE_MODULES = YES;
				CLANG_ENABLE_OBJC_ARC = YES;
				CLANG_ENABLE_OBJC_WEAK = YES;
				CLANG_WARN_BLOCK_CAPTURE_AUTORELEASING = YES;
				CLANG_WARN_BOOL_CONVERSION = YES;
				CLANG_WARN_COMMA = YES;
				CLANG_WARN_CONSTANT_CONVERSION = YES;
				CLANG_WARN_DEPRECATED_OBJC_IMPLEMENTATIONS = YES;
				CLANG_WARN_DIRECT_OBJC_ISA_USAGE = YES_ERROR;
				CLANG_WARN_DOCUMENTATION_COMMENTS = YES;
				CLANG_WARN_EMPTY_BODY = YES;
				CLANG_WARN_ENUM_CONVERSION = YES;
				CLANG_WARN_INFINITE_RECURSION = YES;
				CLANG_WARN_INT_CONVERSION = YES;
				CLANG_WARN_NON_LITERAL_NULL_CONVERSION = YES;
				CLANG_WARN_OBJC_IMPLICIT_RETAIN_SELF = YES;
				CLANG_WARN_OBJC_LITERAL_CONVERSION = YES;
				CLANG_WARN_OBJC_ROOT_CLASS = YES_ERROR;
				CLANG_WARN_RANGE_LOOP_ANALYSIS = YES;
				CLANG_WARN_STRICT_PROTOTYPES = YES;
				CLANG_WARN_SUSPICIOUS_MOVE = YES;
				CLANG_WARN_UNGUARDED_AVAILABILITY = YES_AGGRESSIVE;
				CLANG_WARN_UNREACHABLE_CODE = YES;
				CLANG_WARN__DUPLICATE_METHOD_MATCH = YES;
				COPY_PHASE_STRIP = NO;
				DEBUG_INFORMATION_FORMAT = dwarf;
				ENABLE_STRICT_OBJC_MSGSEND = YES;
				ENABLE_TESTABILITY = YES;
				GCC_C_LANGUAGE_STANDARD = gnu11;
				GCC_DYNAMIC_NO_PIC = NO;
				GCC_NO_COMMON_BLOCKS = YES;
				GCC_OPTIMIZATION_LEVEL = 0;
				GCC_PREPROCESSOR_DEFINITIONS = (
					"DEBUG=1",
					"$(inherited)",
				);
				GCC_WARN_64_TO_32_BIT_CONVERSION = YES;
				GCC_WARN_ABOUT_RETURN_TYPE = YES_ERROR;
				GCC_WARN_UNDECLARED_SELECTOR = YES;
				GCC_WARN_UNINITIALIZED_AUTOS = YES_AGGRESSIVE;
				GCC_WARN_UNUSED_FUNCTION = YES;
				GCC_WARN_UNUSED_VARIABLE = YES;
				IPHONEOS_DEPLOYMENT_TARGET = 13.2;
				MTL_ENABLE_DEBUG_INFO = INCLUDE_SOURCE;
				MTL_FAST_MATH = YES;
				ONLY_ACTIVE_ARCH = YES;
				SDKROOT = iphoneos;
				SWIFT_ACTIVE_COMPILATION_CONDITIONS = DEBUG;
				SWIFT_OPTIMIZATION_LEVEL = "-Onone";
			};
			name = Debug;
		};
		00ED1384242D64A5000A60D1 /* Release */ = {
			isa = XCBuildConfiguration;
			buildSettings = {
				ALWAYS_SEARCH_USER_PATHS = NO;
				CLANG_ANALYZER_NONNULL = YES;
				CLANG_ANALYZER_NUMBER_OBJECT_CONVERSION = YES_AGGRESSIVE;
				CLANG_CXX_LANGUAGE_STANDARD = "gnu++14";
				CLANG_CXX_LIBRARY = "libc++";
				CLANG_ENABLE_MODULES = YES;
				CLANG_ENABLE_OBJC_ARC = YES;
				CLANG_ENABLE_OBJC_WEAK = YES;
				CLANG_WARN_BLOCK_CAPTURE_AUTORELEASING = YES;
				CLANG_WARN_BOOL_CONVERSION = YES;
				CLANG_WARN_COMMA = YES;
				CLANG_WARN_CONSTANT_CONVERSION = YES;
				CLANG_WARN_DEPRECATED_OBJC_IMPLEMENTATIONS = YES;
				CLANG_WARN_DIRECT_OBJC_ISA_USAGE = YES_ERROR;
				CLANG_WARN_DOCUMENTATION_COMMENTS = YES;
				CLANG_WARN_EMPTY_BODY = YES;
				CLANG_WARN_ENUM_CONVERSION = YES;
				CLANG_WARN_INFINITE_RECURSION = YES;
				CLANG_WARN_INT_CONVERSION = YES;
				CLANG_WARN_NON_LITERAL_NULL_CONVERSION = YES;
				CLANG_WARN_OBJC_IMPLICIT_RETAIN_SELF = YES;
				CLANG_WARN_OBJC_LITERAL_CONVERSION = YES;
				CLANG_WARN_OBJC_ROOT_CLASS = YES_ERROR;
				CLANG_WARN_RANGE_LOOP_ANALYSIS = YES;
				CLANG_WARN_STRICT_PROTOTYPES = YES;
				CLANG_WARN_SUSPICIOUS_MOVE = YES;
				CLANG_WARN_UNGUARDED_AVAILABILITY = YES_AGGRESSIVE;
				CLANG_WARN_UNREACHABLE_CODE = YES;
				CLANG_WARN__DUPLICATE_METHOD_MATCH = YES;
				COPY_PHASE_STRIP = NO;
				DEBUG_INFORMATION_FORMAT = "dwarf-with-dsym";
				ENABLE_NS_ASSERTIONS = NO;
				ENABLE_STRICT_OBJC_MSGSEND = YES;
				GCC_C_LANGUAGE_STANDARD = gnu11;
				GCC_NO_COMMON_BLOCKS = YES;
				GCC_WARN_64_TO_32_BIT_CONVERSION = YES;
				GCC_WARN_ABOUT_RETURN_TYPE = YES_ERROR;
				GCC_WARN_UNDECLARED_SELECTOR = YES;
				GCC_WARN_UNINITIALIZED_AUTOS = YES_AGGRESSIVE;
				GCC_WARN_UNUSED_FUNCTION = YES;
				GCC_WARN_UNUSED_VARIABLE = YES;
				IPHONEOS_DEPLOYMENT_TARGET = 13.2;
				MTL_ENABLE_DEBUG_INFO = NO;
				MTL_FAST_MATH = YES;
				SDKROOT = iphoneos;
				SWIFT_COMPILATION_MODE = wholemodule;
				SWIFT_OPTIMIZATION_LEVEL = "-O";
				VALIDATE_PRODUCT = YES;
			};
			name = Release;
		};
		00ED1386242D64A5000A60D1 /* Debug */ = {
			isa = XCBuildConfiguration;
			baseConfigurationReference = 97E9BA047BBABAF9F34E79D5 /* Pods-SegundoParcialWebServices.debug.xcconfig */;
			buildSettings = {
				ASSETCATALOG_COMPILER_APPICON_NAME = AppIcon;
				CODE_SIGN_STYLE = Automatic;
				DEVELOPMENT_TEAM = 678GLH2WJ4;
				INFOPLIST_FILE = SegundoParcialWebServices/Info.plist;
				LD_RUNPATH_SEARCH_PATHS = (
					"$(inherited)",
					"@executable_path/Frameworks",
				);
				PRODUCT_BUNDLE_IDENTIFIER = "Daniel-Aguilera.SegundoParcialWebServices";
				PRODUCT_NAME = "$(TARGET_NAME)";
				SWIFT_VERSION = 5.0;
				TARGETED_DEVICE_FAMILY = "1,2";
			};
			name = Debug;
		};
		00ED1387242D64A5000A60D1 /* Release */ = {
			isa = XCBuildConfiguration;
			baseConfigurationReference = 51B25667B3144509D7D1BA09 /* Pods-SegundoParcialWebServices.release.xcconfig */;
			buildSettings = {
				ASSETCATALOG_COMPILER_APPICON_NAME = AppIcon;
				CODE_SIGN_STYLE = Automatic;
				DEVELOPMENT_TEAM = 678GLH2WJ4;
				INFOPLIST_FILE = SegundoParcialWebServices/Info.plist;
				LD_RUNPATH_SEARCH_PATHS = (
					"$(inherited)",
					"@executable_path/Frameworks",
				);
				PRODUCT_BUNDLE_IDENTIFIER = "Daniel-Aguilera.SegundoParcialWebServices";
				PRODUCT_NAME = "$(TARGET_NAME)";
				SWIFT_VERSION = 5.0;
				TARGETED_DEVICE_FAMILY = "1,2";
			};
			name = Release;
		};
/* End XCBuildConfiguration section */

/* Begin XCConfigurationList section */
		00ED136C242D64A3000A60D1 /* Build configuration list for PBXProject "SegundoParcialWebServices" */ = {
			isa = XCConfigurationList;
			buildConfigurations = (
				00ED1383242D64A5000A60D1 /* Debug */,
				00ED1384242D64A5000A60D1 /* Release */,
			);
			defaultConfigurationIsVisible = 0;
			defaultConfigurationName = Release;
		};
		00ED1385242D64A5000A60D1 /* Build configuration list for PBXNativeTarget "SegundoParcialWebServices" */ = {
			isa = XCConfigurationList;
			buildConfigurations = (
				00ED1386242D64A5000A60D1 /* Debug */,
				00ED1387242D64A5000A60D1 /* Release */,
			);
			defaultConfigurationIsVisible = 0;
			defaultConfigurationName = Release;
		};
/* End XCConfigurationList section */
	};
	rootObject = 00ED1369242D64A3000A60D1 /* Project object */;
}
